
Microsoft Visual Studio Solution File, Format Version 12.00
# Visual Studio Version 17
VisualStudioVersion = 17.2.32526.322
MinimumVisualStudioVersion = 10.0.40219.1
Project("{FAE04EC0-301F-11D3-BF4B-00C04F79EFBC}") = "ProgOOP_Midterm_Part2_HafsaM", "ProgOOP_Midterm_Part2_HafsaM\ProgOOP_Midterm_Part2_HafsaM.csproj", "{A92285CE-B36A-4571-B52E-8A40572C3365}"
EndProject
Global
	GlobalSection(SolutionConfigurationPlatforms) = preSolution
		Debug|Any CPU = Debug|Any CPU
		Release|Any CPU = Release|Any CPU
	EndGlobalSection
	GlobalSection(ProjectConfigurationPlatforms) = postSolution
		{A92285CE-B36A-4571-B52E-8A40572C3365}.Debug|Any CPU.ActiveCfg = Debug|Any CPU
		{A92285CE-B36A-4571-B52E-8A40572C3365}.Debug|Any CPU.Build.0 = Debug|Any CPU
		{A92285CE-B36A-4571-B52E-8A40572C3365}.Release|Any CPU.ActiveCfg = Release|Any CPU
		{A92285CE-B36A-4571-B52E-8A40572C3365}.Release|Any CPU.Build.0 = Release|Any CPU
	EndGlobalSection
	GlobalSection(SolutionProperties) = preSolution
		HideSolutionNode = FALSE
	EndGlobalSection
	GlobalSection(ExtensibilityGlobals) = postSolution
		SolutionGuid = {7A30EAD5-716F-4716-8A76-DD047FB39236}
	EndGlobalSection
EndGlobal
